// !$*UTF8*$!
{
	archiveVersion = 1;
	classes = {
	};
	objectVersion = 51;
	objects = {

/* Begin PBXBuildFile section */
		28EEC160AB4755A7998DA25B /* Pods_hse_summer_school_test_task.framework in Frameworks */ = {isa = PBXBuildFile; fileRef = 03393B0503BB4C442705678A /* Pods_hse_summer_school_test_task.framework */; };
		6F555CFA24825D26008D02B0 /* AppDelegate.swift in Sources */ = {isa = PBXBuildFile; fileRef = 6F555CF924825D26008D02B0 /* AppDelegate.swift */; };
		6F555CFC24825D26008D02B0 /* SceneDelegate.swift in Sources */ = {isa = PBXBuildFile; fileRef = 6F555CFB24825D26008D02B0 /* SceneDelegate.swift */; };
		6F555CFE24825D26008D02B0 /* ContentView.swift in Sources */ = {isa = PBXBuildFile; fileRef = 6F555CFD24825D26008D02B0 /* ContentView.swift */; };
		6F555D0024825D28008D02B0 /* Assets.xcassets in Resources */ = {isa = PBXBuildFile; fileRef = 6F555CFF24825D28008D02B0 /* Assets.xcassets */; };
		6F555D0324825D28008D02B0 /* Preview Assets.xcassets in Resources */ = {isa = PBXBuildFile; fileRef = 6F555D0224825D28008D02B0 /* Preview Assets.xcassets */; };
		6F555D0624825D28008D02B0 /* LaunchScreen.storyboard in Resources */ = {isa = PBXBuildFile; fileRef = 6F555D0424825D28008D02B0 /* LaunchScreen.storyboard */; };
/* End PBXBuildFile section */

/* Begin PBXFileReference section */
		03393B0503BB4C442705678A /* Pods_hse_summer_school_test_task.framework */ = {isa = PBXFileReference; explicitFileType = wrapper.framework; includeInIndex = 0; path = Pods_hse_summer_school_test_task.framework; sourceTree = BUILT_PRODUCTS_DIR; };
		148E14791B4E92AD4EEE04B6 /* Pods-hse_summer_school_test_task.debug.xcconfig */ = {isa = PBXFileReference; includeInIndex = 1; lastKnownFileType = text.xcconfig; name = "Pods-hse_summer_school_test_task.debug.xcconfig"; path = "Target Support Files/Pods-hse_summer_school_test_task/Pods-hse_summer_school_test_task.debug.xcconfig"; sourceTree = "<group>"; };
		6F555CF624825D25008D02B0 /* hse_summer_school_test_task.app */ = {isa = PBXFileReference; explicitFileType = wrapper.application; includeInIndex = 0; path = hse_summer_school_test_task.app; sourceTree = BUILT_PRODUCTS_DIR; };
		6F555CF924825D26008D02B0 /* AppDelegate.swift */ = {isa = PBXFileReference; lastKnownFileType = sourcecode.swift; path = AppDelegate.swift; sourceTree = "<group>"; };
		6F555CFB24825D26008D02B0 /* SceneDelegate.swift */ = {isa = PBXFileReference; lastKnownFileType = sourcecode.swift; path = SceneDelegate.swift; sourceTree = "<group>"; };
		6F555CFD24825D26008D02B0 /* ContentView.swift */ = {isa = PBXFileReference; lastKnownFileType = sourcecode.swift; path = ContentView.swift; sourceTree = "<group>"; };
		6F555CFF24825D28008D02B0 /* Assets.xcassets */ = {isa = PBXFileReference; lastKnownFileType = folder.assetcatalog; path = Assets.xcassets; sourceTree = "<group>"; };
		6F555D0224825D28008D02B0 /* Preview Assets.xcassets */ = {isa = PBXFileReference; lastKnownFileType = folder.assetcatalog; path = "Preview Assets.xcassets"; sourceTree = "<group>"; };
		6F555D0524825D28008D02B0 /* Base */ = {isa = PBXFileReference; lastKnownFileType = file.storyboard; name = Base; path = Base.lproj/LaunchScreen.storyboard; sourceTree = "<group>"; };
		6F555D0724825D28008D02B0 /* Info.plist */ = {isa = PBXFileReference; lastKnownFileType = text.plist.xml; path = Info.plist; sourceTree = "<group>"; };
		80959B4BF6E75D5E595D2570 /* Pods-hse_summer_school_test_task.release.xcconfig */ = {isa = PBXFileReference; includeInIndex = 1; lastKnownFileType = text.xcconfig; name = "Pods-hse_summer_school_test_task.release.xcconfig"; path = "Target Support Files/Pods-hse_summer_school_test_task/Pods-hse_summer_school_test_task.release.xcconfig"; sourceTree = "<group>"; };
/* End PBXFileReference section */

/* Begin PBXFrameworksBuildPhase section */
		6F555CF324825D25008D02B0 /* Frameworks */ = {
			isa = PBXFrameworksBuildPhase;
			buildActionMask = 2147483647;
			files = (
				28EEC160AB4755A7998DA25B /* Pods_hse_summer_school_test_task.framework in Frameworks */,
			);
			runOnlyForDeploymentPostprocessing = 0;
		};
/* End PBXFrameworksBuildPhase section */

/* Begin PBXGroup section */
		32035AFF8229DE45E796BC69 /* Frameworks */ = {
			isa = PBXGroup;
			children = (
				03393B0503BB4C442705678A /* Pods_hse_summer_school_test_task.framework */,
			);
			name = Frameworks;
			sourceTree = "<group>";
		};
		59436B10E93306BB0A4443CB /* Pods */ = {
			isa = PBXGroup;
			children = (
				148E14791B4E92AD4EEE04B6 /* Pods-hse_summer_school_test_task.debug.xcconfig */,
				80959B4BF6E75D5E595D2570 /* Pods-hse_summer_school_test_task.release.xcconfig */,
			);
			path = Pods;
			sourceTree = "<group>";
		};
		6F555CED24825D25008D02B0 = {
			isa = PBXGroup;
			children = (
				6F555CF824825D25008D02B0 /* hse_summer_school_test_task */,
				6F555CF724825D25008D02B0 /* Products */,
				59436B10E93306BB0A4443CB /* Pods */,
				32035AFF8229DE45E796BC69 /* Frameworks */,
			);
			sourceTree = "<group>";
		};
		6F555CF724825D25008D02B0 /* Products */ = {
			isa = PBXGroup;
			children = (
				6F555CF624825D25008D02B0 /* hse_summer_school_test_task.app */,
			);
			name = Products;
			sourceTree = "<group>";
		};
		6F555CF824825D25008D02B0 /* hse_summer_school_test_task */ = {
			isa = PBXGroup;
			children = (
				6F555CF924825D26008D02B0 /* AppDelegate.swift */,
				6F555CFB24825D26008D02B0 /* SceneDelegate.swift */,
				6F555CFD24825D26008D02B0 /* ContentView.swift */,
				6F555CFF24825D28008D02B0 /* Assets.xcassets */,
				6F555D0424825D28008D02B0 /* LaunchScreen.storyboard */,
				6F555D0724825D28008D02B0 /* Info.plist */,
				6F555D0124825D28008D02B0 /* Preview Content */,
			);
			path = hse_summer_school_test_task;
			sourceTree = "<group>";
		};
		6F555D0124825D28008D02B0 /* Preview Content */ = {
			isa = PBXGroup;
			children = (
				6F555D0224825D28008D02B0 /* Preview Assets.xcassets */,
			);
			path = "Preview Content";
			sourceTree = "<group>";
		};
/* End PBXGroup section */

/* Begin PBXNativeTarget section */
		6F555CF524825D25008D02B0 /* hse_summer_school_test_task */ = {
			isa = PBXNativeTarget;
			buildConfigurationList = 6F555D0A24825D28008D02B0 /* Build configuration list for PBXNativeTarget "hse_summer_school_test_task" */;
			buildPhases = (
				A63443A68506D43386F26C74 /* [CP] Check Pods Manifest.lock */,
				6F555CF224825D25008D02B0 /* Sources */,
				6F555CF324825D25008D02B0 /* Frameworks */,
				6F555CF424825D25008D02B0 /* Resources */,
				84852728C224E076FE0F8C74 /* [CP] Embed Pods Frameworks */,
			);
			buildRules = (
			);
			dependencies = (
			);
			name = hse_summer_school_test_task;
			productName = hse_summer_school_test_task;
			productReference = 6F555CF624825D25008D02B0 /* hse_summer_school_test_task.app */;
			productType = "com.apple.product-type.application";
		};
/* End PBXNativeTarget section */

/* Begin PBXProject section */
		6F555CEE24825D25008D02B0 /* Project object */ = {
			isa = PBXProject;
			attributes = {
				LastSwiftUpdateCheck = 1150;
				LastUpgradeCheck = 1150;
				ORGANIZATIONNAME = "Daniel Khromov";
				TargetAttributes = {
					6F555CF524825D25008D02B0 = {
						CreatedOnToolsVersion = 11.5;
					};
				};
			};
			buildConfigurationList = 6F555CF124825D25008D02B0 /* Build configuration list for PBXProject "hse_summer_school_test_task" */;
			compatibilityVersion = "Xcode 9.3";
			developmentRegion = en;
			hasScannedForEncodings = 0;
			knownRegions = (
				en,
				Base,
			);
			mainGroup = 6F555CED24825D25008D02B0;
			productRefGroup = 6F555CF724825D25008D02B0 /* Products */;
			projectDirPath = "";
			projectRoot = "";
			targets = (
				6F555CF524825D25008D02B0 /* hse_summer_school_test_task */,
			);
		};
/* End PBXProject section */

/* Begin PBXResourcesBuildPhase section */
		6F555CF424825D25008D02B0 /* Resources */ = {
			isa = PBXResourcesBuildPhase;
			buildActionMask = 2147483647;
			files = (
				6F555D0624825D28008D02B0 /* LaunchScreen.storyboard in Resources */,
				6F555D0324825D28008D02B0 /* Preview Assets.xcassets in Resources */,
				6F555D0024825D28008D02B0 /* Assets.xcassets in Resources */,
			);
			runOnlyForDeploymentPostprocessing = 0;
		};
/* End PBXResourcesBuildPhase section */

/* Begin PBXShellScriptBuildPhase section */
		84852728C224E076FE0F8C74 /* [CP] Embed Pods Frameworks */ = {
			isa = PBXShellScriptBuildPhase;
			buildActionMask = 2147483647;
			files = (
			);
			inputFileListPaths = (
				"${PODS_ROOT}/Target Support Files/Pods-hse_summer_school_test_task/Pods-hse_summer_school_test_task-frameworks-${CONFIGURATION}-input-files.xcfilelist",
			);
			name = "[CP] Embed Pods Frameworks";
			outputFileListPaths = (
				"${PODS_ROOT}/Target Support Files/Pods-hse_summer_school_test_task/Pods-hse_summer_school_test_task-frameworks-${CONFIGURATION}-output-files.xcfilelist",
			);
			runOnlyForDeploymentPostprocessing = 0;
			shellPath = /bin/sh;
			shellScript = "\"${PODS_ROOT}/Target Support Files/Pods-hse_summer_school_test_task/Pods-hse_summer_school_test_task-frameworks.sh\"\n";
			showEnvVarsInLog = 0;
		};
		A63443A68506D43386F26C74 /* [CP] Check Pods Manifest.lock */ = {
			isa = PBXShellScriptBuildPhase;
			buildActionMask = 2147483647;
			files = (
			);
			inputFileListPaths = (
			);
			inputPaths = (
				"${PODS_PODFILE_DIR_PATH}/Podfile.lock",
				"${PODS_ROOT}/Manifest.lock",
			);
			name = "[CP] Check Pods Manifest.lock";
			outputFileListPaths = (
			);
			outputPaths = (
				"$(DERIVED_FILE_DIR)/Pods-hse_summer_school_test_task-checkManifestLockResult.txt",
			);
			runOnlyForDeploymentPostprocessing = 0;
			shellPath = /bin/sh;
			shellScript = "diff \"${PODS_PODFILE_DIR_PATH}/Podfile.lock\" \"${PODS_ROOT}/Manifest.lock\" > /dev/null\nif [ $? != 0 ] ; then\n    # print error to STDERR\n    echo \"error: The sandbox is not in sync with the Podfile.lock. Run 'pod install' or update your CocoaPods installation.\" >&2\n    exit 1\nfi\n# This output is used by Xcode 'outputs' to avoid re-running this script phase.\necho \"SUCCESS\" > \"${SCRIPT_OUTPUT_FILE_0}\"\n";
			showEnvVarsInLog = 0;
		};
/* End PBXShellScriptBuildPhase section */

/* Begin PBXSourcesBuildPhase section */
		6F555CF224825D25008D02B0 /* Sources */ = {
			isa = PBXSourcesBuildPhase;
			buildActionMask = 2147483647;
			files = (
				6F555CFA24825D26008D02B0 /* AppDelegate.swift in Sources */,
				6F555CFC24825D26008D02B0 /* SceneDelegate.swift in Sources */,
				6F555CFE24825D26008D02B0 /* ContentView.swift in Sources */,
			);
			runOnlyForDeploymentPostprocessing = 0;
		};
/* End PBXSourcesBuildPhase section */

/* Begin PBXVariantGroup section */
		6F555D0424825D28008D02B0 /* LaunchScreen.storyboard */ = {
			isa = PBXVariantGroup;
			children = (
				6F555D0524825D28008D02B0 /* Base */,
			);
			name = LaunchScreen.storyboard;
			sourceTree = "<group>";
		};
/* End PBXVariantGroup section */

/* Begin XCBuildConfiguration section */
		6F555D0824825D28008D02B0 /* Debug */ = {
			isa = XCBuildConfiguration;
			buildSettings = {
				ALWAYS_SEARCH_USER_PATHS = NO;
				CLANG_ANALYZER_NONNULL = YES;
				CLANG_ANALYZER_NUMBER_OBJECT_CONVERSION = YES_AGGRESSIVE;
				CLANG_CXX_LANGUAGE_STANDARD = "gnu++14";
				CLANG_CXX_LIBRARY = "libc++";
				CLANG_ENABLE_MODULES = YES;
				CLANG_ENABLE_OBJC_ARC = YES;
				CLANG_ENABLE_OBJC_WEAK = YES;
				CLANG_WARN_BLOCK_CAPTURE_AUTORELEASING = YES;
				CLANG_WARN_BOOL_CONVERSION = YES;
				CLANG_WARN_COMMA = YES;
				CLANG_WARN_CONSTANT_CONVERSION = YES;
				CLANG_WARN_DEPRECATED_OBJC_IMPLEMENTATIONS = YES;
				CLANG_WARN_DIRECT_OBJC_ISA_USAGE = YES_ERROR;
				CLANG_WARN_DOCUMENTATION_COMMENTS = YES;
				CLANG_WARN_EMPTY_BODY = YES;
				CLANG_WARN_ENUM_CONVERSION = YES;
				CLANG_WARN_INFINITE_RECURSION = YES;
				CLANG_WARN_INT_CONVERSION = YES;
				CLANG_WARN_NON_LITERAL_NULL_CONVERSION = YES;
				CLANG_WARN_OBJC_IMPLICIT_RETAIN_SELF = YES;
				CLANG_WARN_OBJC_LITERAL_CONVERSION = YES;
				CLANG_WARN_OBJC_ROOT_CLASS = YES_ERROR;
				CLANG_WARN_RANGE_LOOP_ANALYSIS = YES;
				CLANG_WARN_STRICT_PROTOTYPES = YES;
				CLANG_WARN_SUSPICIOUS_MOVE = YES;
				CLANG_WARN_UNGUARDED_AVAILABILITY = YES_AGGRESSIVE;
				CLANG_WARN_UNREACHABLE_CODE = YES;
				CLANG_WARN__DUPLICATE_METHOD_MATCH = YES;
				COPY_PHASE_STRIP = NO;
				DEBUG_INFORMATION_FORMAT = dwarf;
				ENABLE_STRICT_OBJC_MSGSEND = YES;
				ENABLE_TESTABILITY = YES;
				GCC_C_LANGUAGE_STANDARD = gnu11;
				GCC_DYNAMIC_NO_PIC = NO;
				GCC_NO_COMMON_BLOCKS = YES;
				GCC_OPTIMIZATION_LEVEL = 0;
				GCC_PREPROCESSOR_DEFINITIONS = (
					"DEBUG=1",
					"$(inherited)",
				);
				GCC_WARN_64_TO_32_BIT_CONVERSION = YES;
				GCC_WARN_ABOUT_RETURN_TYPE = YES_ERROR;
				GCC_WARN_UNDECLARED_SELECTOR = YES;
				GCC_WARN_UNINITIALIZED_AUTOS = YES_AGGRESSIVE;
				GCC_WARN_UNUSED_FUNCTION = YES;
				GCC_WARN_UNUSED_VARIABLE = YES;
				IPHONEOS_DEPLOYMENT_TARGET = 13.5;
				MTL_ENABLE_DEBUG_INFO = INCLUDE_SOURCE;
				MTL_FAST_MATH = YES;
				ONLY_ACTIVE_ARCH = YES;
				SDKROOT = iphoneos;
				SWIFT_ACTIVE_COMPILATION_CONDITIONS = DEBUG;
				SWIFT_OPTIMIZATION_LEVEL = "-Onone";
			};
			name = Debug;
		};
		6F555D0924825D28008D02B0 /* Release */ = {
			isa = XCBuildConfiguration;
			buildSettings = {
				ALWAYS_SEARCH_USER_PATHS = NO;
				CLANG_ANALYZER_NONNULL = YES;
				CLANG_ANALYZER_NUMBER_OBJECT_CONVERSION = YES_AGGRESSIVE;
				CLANG_CXX_LANGUAGE_STANDARD = "gnu++14";
				CLANG_CXX_LIBRARY = "libc++";
				CLANG_ENABLE_MODULES = YES;
				CLANG_ENABLE_OBJC_ARC = YES;
				CLANG_ENABLE_OBJC_WEAK = YES;
				CLANG_WARN_BLOCK_CAPTURE_AUTORELEASING = YES;
				CLANG_WARN_BOOL_CONVERSION = YES;
				CLANG_WARN_COMMA = YES;
				CLANG_WARN_CONSTANT_CONVERSION = YES;
				CLANG_WARN_DEPRECATED_OBJC_IMPLEMENTATIONS = YES;
				CLANG_WARN_DIRECT_OBJC_ISA_USAGE = YES_ERROR;
				CLANG_WARN_DOCUMENTATION_COMMENTS = YES;
				CLANG_WARN_EMPTY_BODY = YES;
				CLANG_WARN_ENUM_CONVERSION = YES;
				CLANG_WARN_INFINITE_RECURSION = YES;
				CLANG_WARN_INT_CONVERSION = YES;
				CLANG_WARN_NON_LITERAL_NULL_CONVERSION = YES;
				CLANG_WARN_OBJC_IMPLICIT_RETAIN_SELF = YES;
				CLANG_WARN_OBJC_LITERAL_CONVERSION = YES;
				CLANG_WARN_OBJC_ROOT_CLASS = YES_ERROR;
				CLANG_WARN_RANGE_LOOP_ANALYSIS = YES;
				CLANG_WARN_STRICT_PROTOTYPES = YES;
				CLANG_WARN_SUSPICIOUS_MOVE = YES;
				CLANG_WARN_UNGUARDED_AVAILABILITY = YES_AGGRESSIVE;
				CLANG_WARN_UNREACHABLE_CODE = YES;
				CLANG_WARN__DUPLICATE_METHOD_MATCH = YES;
				COPY_PHASE_STRIP = NO;
				DEBUG_INFORMATION_FORMAT = "dwarf-with-dsym";
				ENABLE_NS_ASSERTIONS = NO;
				ENABLE_STRICT_OBJC_MSGSEND = YES;
				GCC_C_LANGUAGE_STANDARD = gnu11;
				GCC_NO_COMMON_BLOCKS = YES;
				GCC_WARN_64_TO_32_BIT_CONVERSION = YES;
				GCC_WARN_ABOUT_RETURN_TYPE = YES_ERROR;
				GCC_WARN_UNDECLARED_SELECTOR = YES;
				GCC_WARN_UNINITIALIZED_AUTOS = YES_AGGRESSIVE;
				GCC_WARN_UNUSED_FUNCTION = YES;
				GCC_WARN_UNUSED_VARIABLE = YES;
				IPHONEOS_DEPLOYMENT_TARGET = 13.5;
				MTL_ENABLE_DEBUG_INFO = NO;
				MTL_FAST_MATH = YES;
				SDKROOT = iphoneos;
				SWIFT_COMPILATION_MODE = wholemodule;
				SWIFT_OPTIMIZATION_LEVEL = "-O";
				VALIDATE_PRODUCT = YES;
			};
			name = Release;
		};
		6F555D0B24825D28008D02B0 /* Debug */ = {
			isa = XCBuildConfiguration;
			baseConfigurationReference = 148E14791B4E92AD4EEE04B6 /* Pods-hse_summer_school_test_task.debug.xcconfig */;
			buildSettings = {
				ASSETCATALOG_COMPILER_APPICON_NAME = AppIcon;
				CODE_SIGN_STYLE = Automatic;
				DEVELOPMENT_ASSET_PATHS = "\"hse_summer_school_test_task/Preview Content\"";
				DEVELOPMENT_TEAM = CQT34X72YN;
				ENABLE_PREVIEWS = YES;
				INFOPLIST_FILE = hse_summer_school_test_task/Info.plist;
				LD_RUNPATH_SEARCH_PATHS = (
					"$(inherited)",
					"@executable_path/Frameworks",
				);
				PRODUCT_BUNDLE_IDENTIFIER = "danonchik.hse-summer-school-test-task";
				PRODUCT_NAME = "$(TARGET_NAME)";
				SWIFT_VERSION = 5.0;
				TARGETED_DEVICE_FAMILY = "1,2";
			};
			name = Debug;
		};
		6F555D0C24825D28008D02B0 /* Release */ = {
			isa = XCBuildConfiguration;
			baseConfigurationReference = 80959B4BF6E75D5E595D2570 /* Pods-hse_summer_school_test_task.release.xcconfig */;
			buildSettings = {
				ASSETCATALOG_COMPILER_APPICON_NAME = AppIcon;
				CODE_SIGN_STYLE = Automatic;
				DEVELOPMENT_ASSET_PATHS = "\"hse_summer_school_test_task/Preview Content\"";
				DEVELOPMENT_TEAM = CQT34X72YN;
				ENABLE_PREVIEWS = YES;
				INFOPLIST_FILE = hse_summer_school_test_task/Info.plist;
				LD_RUNPATH_SEARCH_PATHS = (
					"$(inherited)",
					"@executable_path/Frameworks",
				);
				PRODUCT_BUNDLE_IDENTIFIER = "danonchik.hse-summer-school-test-task";
				PRODUCT_NAME = "$(TARGET_NAME)";
				SWIFT_VERSION = 5.0;
				TARGETED_DEVICE_FAMILY = "1,2";
			};
			name = Release;
		};
/* End XCBuildConfiguration section */

/* Begin XCConfigurationList section */
		6F555CF124825D25008D02B0 /* Build configuration list for PBXProject "hse_summer_school_test_task" */ = {
			isa = XCConfigurationList;
			buildConfigurations = (
				6F555D0824825D28008D02B0 /* Debug */,
				6F555D0924825D28008D02B0 /* Release */,
			);
			defaultConfigurationIsVisible = 0;
			defaultConfigurationName = Release;
		};
		6F555D0A24825D28008D02B0 /* Build configuration list for PBXNativeTarget "hse_summer_school_test_task" */ = {
			isa = XCConfigurationList;
			buildConfigurations = (
				6F555D0B24825D28008D02B0 /* Debug */,
				6F555D0C24825D28008D02B0 /* Release */,
			);
			defaultConfigurationIsVisible = 0;
			defaultConfigurationName = Release;
		};
/* End XCConfigurationList section */
	};
	rootObject = 6F555CEE24825D25008D02B0 /* Project object */;
}
